
Microsoft Visual Studio Solution File, Format Version 12.00
# Visual Studio Version 17
VisualStudioVersion = 17.7.34031.279
MinimumVisualStudioVersion = 10.0.40219.1
Project("{FAE04EC0-301F-11D3-BF4B-00C04F79EFBC}") = "Domain", "Domain\Domain.csproj", "{6D91DC3F-0766-42F1-8DF8-C001FFE06E16}"
EndProject
Project("{FAE04EC0-301F-11D3-BF4B-00C04F79EFBC}") = "Application", "Application\Application.csproj", "{509F4847-3FCB-48BD-AE0F-AF378FCDCF47}"
EndProject
Project("{FAE04EC0-301F-11D3-BF4B-00C04F79EFBC}") = "Infrastructure", "Infrastructure\Infrastructure.csproj", "{562E6961-7249-4C39-89E2-18D1E26C1C2B}"
EndProject
Project("{FAE04EC0-301F-11D3-BF4B-00C04F79EFBC}") = "WebApi", "WebApi\WebApi.csproj", "{03EEA348-C1C8-4932-807A-6500F578031B}"
EndProject
Global
	GlobalSection(SolutionConfigurationPlatforms) = preSolution
		Debug|Any CPU = Debug|Any CPU
		Release|Any CPU = Release|Any CPU
	EndGlobalSection
	GlobalSection(ProjectConfigurationPlatforms) = postSolution
		{6D91DC3F-0766-42F1-8DF8-C001FFE06E16}.Debug|Any CPU.ActiveCfg = Debug|Any CPU
		{6D91DC3F-0766-42F1-8DF8-C001FFE06E16}.Debug|Any CPU.Build.0 = Debug|Any CPU
		{6D91DC3F-0766-42F1-8DF8-C001FFE06E16}.Release|Any CPU.ActiveCfg = Release|Any CPU
		{6D91DC3F-0766-42F1-8DF8-C001FFE06E16}.Release|Any CPU.Build.0 = Release|Any CPU
		{509F4847-3FCB-48BD-AE0F-AF378FCDCF47}.Debug|Any CPU.ActiveCfg = Debug|Any CPU
		{509F4847-3FCB-48BD-AE0F-AF378FCDCF47}.Debug|Any CPU.Build.0 = Debug|Any CPU
		{509F4847-3FCB-48BD-AE0F-AF378FCDCF47}.Release|Any CPU.ActiveCfg = Release|Any CPU
		{509F4847-3FCB-48BD-AE0F-AF378FCDCF47}.Release|Any CPU.Build.0 = Release|Any CPU
		{562E6961-7249-4C39-89E2-18D1E26C1C2B}.Debug|Any CPU.ActiveCfg = Debug|Any CPU
		{562E6961-7249-4C39-89E2-18D1E26C1C2B}.Debug|Any CPU.Build.0 = Debug|Any CPU
		{562E6961-7249-4C39-89E2-18D1E26C1C2B}.Release|Any CPU.ActiveCfg = Release|Any CPU
		{562E6961-7249-4C39-89E2-18D1E26C1C2B}.Release|Any CPU.Build.0 = Release|Any CPU
		{03EEA348-C1C8-4932-807A-6500F578031B}.Debug|Any CPU.ActiveCfg = Debug|Any CPU
		{03EEA348-C1C8-4932-807A-6500F578031B}.Debug|Any CPU.Build.0 = Debug|Any CPU
		{03EEA348-C1C8-4932-807A-6500F578031B}.Release|Any CPU.ActiveCfg = Release|Any CPU
		{03EEA348-C1C8-4932-807A-6500F578031B}.Release|Any CPU.Build.0 = Release|Any CPU
	EndGlobalSection
	GlobalSection(SolutionProperties) = preSolution
		HideSolutionNode = FALSE
	EndGlobalSection
	GlobalSection(ExtensibilityGlobals) = postSolution
		SolutionGuid = {665AFFCF-D3D8-4EBB-8A51-8CD9675A02F7}
	EndGlobalSection
EndGlobal
